Microsoft Visual Studio Solution File, Format Version 11.00
# Visual Studio 2008

Project("{065D04BC-E61D-D0C5-CE05-7BD174D5F05E}") = "VRSafari.mdlp", "Assembly-CSharp-firstpass.csproj", "{DDEB142E-0247-5C45-1A97-6541580127CF}"
EndProject
Project("{065D04BC-E61D-D0C5-CE05-7BD174D5F05E}") = "VRSafari.mdlp", "Assembly-CSharp.csproj", "{137C8759-4452-D24D-FC53-CF111B771868}"
EndProject
Project("{065D04BC-E61D-D0C5-CE05-7BD174D5F05E}") = "VRSafari.mdlp", "Assembly-CSharp-Editor.csproj", "{A8423813-C562-7D66-C5DD-63D8FD712C1F}"
EndProject
Global
	GlobalSection(SolutionConfigurationPlatforms) = preSolution
		Debug|Any CPU = Debug|Any CPU
		Release|Any CPU = Release|Any CPU
	EndGlobalSection
	GlobalSection(ProjectConfigurationPlatforms) = postSolution
		{DDEB142E-0247-5C45-1A97-6541580127CF}.Debug|Any CPU.ActiveCfg = Debug|Any CPU
		{DDEB142E-0247-5C45-1A97-6541580127CF}.Debug|Any CPU.Build.0 = Debug|Any CPU
		{DDEB142E-0247-5C45-1A97-6541580127CF}.Release|Any CPU.ActiveCfg = Release|Any CPU
		{DDEB142E-0247-5C45-1A97-6541580127CF}.Release|Any CPU.Build.0 = Release|Any CPU
		{137C8759-4452-D24D-FC53-CF111B771868}.Debug|Any CPU.ActiveCfg = Debug|Any CPU
		{137C8759-4452-D24D-FC53-CF111B771868}.Debug|Any CPU.Build.0 = Debug|Any CPU
		{137C8759-4452-D24D-FC53-CF111B771868}.Release|Any CPU.ActiveCfg = Release|Any CPU
		{137C8759-4452-D24D-FC53-CF111B771868}.Release|Any CPU.Build.0 = Release|Any CPU
		{A8423813-C562-7D66-C5DD-63D8FD712C1F}.Debug|Any CPU.ActiveCfg = Debug|Any CPU
		{A8423813-C562-7D66-C5DD-63D8FD712C1F}.Debug|Any CPU.Build.0 = Debug|Any CPU
		{A8423813-C562-7D66-C5DD-63D8FD712C1F}.Release|Any CPU.ActiveCfg = Release|Any CPU
		{A8423813-C562-7D66-C5DD-63D8FD712C1F}.Release|Any CPU.Build.0 = Release|Any CPU
	EndGlobalSection
	GlobalSection(SolutionProperties) = preSolution
		HideSolutionNode = FALSE
	EndGlobalSection
	GlobalSection(MonoDevelopProperties) = preSolution
		StartupItem = Assembly-CSharp.csproj
	EndGlobalSection
EndGlobal
